PODS:
  - GoogleMaps/Base (2.7.0)
  - GooglePlaces (2.7.0):
    - GoogleMaps/Base (= 2.7.0)
  - ImagePicker (3.0.0)
  - Socket.IO-Client-Swift (13.1.3):
    - Starscream (~> 3.0.2)
  - Starscream (3.0.5)

DEPENDENCIES:
  - GooglePlaces
  - ImagePicker
  - Socket.IO-Client-Swift (~> 13.1.0)

SPEC REPOS:
  https://github.com/cocoapods/specs.git:
    - GoogleMaps
    - GooglePlaces
    - ImagePicker
    - Socket.IO-Client-Swift
    - Starscream

SPEC CHECKSUMS:
  GoogleMaps: f79af95cb24d869457b1f961c93d3ce8b2f3b848
  GooglePlaces: 3d06e6c99654545b4738ce49648745779c25f2ef
  ImagePicker: 973953c25960fe04729a7082a56194321c6762d2
  Socket.IO-Client-Swift: d30d6fd08a38ad2a182b090936a043bf512ab2de
  Starscream: faf918b2f2eff7d5dd21180646bf015a669673bd

PODFILE CHECKSUM: 4c3abacf163a051783be6c198c17fa8772ed3e43

COCOAPODS: 1.5.3
